// !$*UTF8*$!
{
	archiveVersion = 1;
	classes = {
	};
	objectVersion = 50;
	objects = {

/* Begin PBXBuildFile section */
		5C16F7E2263B6F0E0087C325 /* CloudKit.framework in Frameworks */ = {isa = PBXBuildFile; fileRef = 5C16F7E1263B6F0E0087C325 /* CloudKit.framework */; };
		5C16F7E4263B78700087C325 /* TaskList.swift in Sources */ = {isa = PBXBuildFile; fileRef = 5C16F7E3263B78700087C325 /* TaskList.swift */; };
		5C1F4F8E2641EC0B0029042F /* WidgetTask+Extension.swift in Sources */ = {isa = PBXBuildFile; fileRef = 5C1F4F8D2641EC0B0029042F /* WidgetTask+Extension.swift */; };
		5C1F4F912641EC710029042F /* Array+WidgetTask.swift in Sources */ = {isa = PBXBuildFile; fileRef = 5C1F4F902641EC710029042F /* Array+WidgetTask.swift */; };
		5C1F4F932641EE960029042F /* Constants.swift in Sources */ = {isa = PBXBuildFile; fileRef = 5C24B136263CE99100773D9E /* Constants.swift */; };
		5C1F4F952641EF740029042F /* WidgetViewLayout.swift in Sources */ = {isa = PBXBuildFile; fileRef = 5C1F4F942641EF740029042F /* WidgetViewLayout.swift */; };
		5C1F4F97264208550029042F /* TextModifier.swift in Sources */ = {isa = PBXBuildFile; fileRef = 5C1F4F96264208540029042F /* TextModifier.swift */; };
		5C1F4F9826420B940029042F /* TextModifier.swift in Sources */ = {isa = PBXBuildFile; fileRef = 5C1F4F96264208540029042F /* TextModifier.swift */; };
		5C1F4F9A264244F90029042F /* UIScreen+Width.swift in Sources */ = {isa = PBXBuildFile; fileRef = 5C1F4F99264244F90029042F /* UIScreen+Width.swift */; };
		5C1F4F9C264276800029042F /* TaskListViewModelTests.swift in Sources */ = {isa = PBXBuildFile; fileRef = 5C1F4F9B264276800029042F /* TaskListViewModelTests.swift */; };
		5C24B11C263CD37100773D9E /* TaskListViewModel.swift in Sources */ = {isa = PBXBuildFile; fileRef = 5C24B11B263CD37100773D9E /* TaskListViewModel.swift */; };
		5C24B11E263CD39900773D9E /* TaskManager.swift in Sources */ = {isa = PBXBuildFile; fileRef = 5C24B11D263CD39900773D9E /* TaskManager.swift */; };
		5C24B121263CD3E600773D9E /* Checked.xcdatamodeld in Sources */ = {isa = PBXBuildFile; fileRef = 5C24B11F263CD3E600773D9E /* Checked.xcdatamodeld */; };
		5C24B131263CDDDC00773D9E /* CoreDataTestStack.swift in Sources */ = {isa = PBXBuildFile; fileRef = 5C24B130263CDDDC00773D9E /* CoreDataTestStack.swift */; };
		5C24B135263CE16B00773D9E /* Task+Formatting.swift in Sources */ = {isa = PBXBuildFile; fileRef = 5C24B134263CE16B00773D9E /* Task+Formatting.swift */; };
		5C24B137263CE99100773D9E /* Constants.swift in Sources */ = {isa = PBXBuildFile; fileRef = 5C24B136263CE99100773D9E /* Constants.swift */; };
		5C24B139263CEEBC00773D9E /* ViewLayout.swift in Sources */ = {isa = PBXBuildFile; fileRef = 5C24B138263CEEBC00773D9E /* ViewLayout.swift */; };
		5C24B13C263CEF3F00773D9E /* ViewModifiers.swift in Sources */ = {isa = PBXBuildFile; fileRef = 5C24B13B263CEF3F00773D9E /* ViewModifiers.swift */; };
		5C24B13E263CF33000773D9E /* ModalType.swift in Sources */ = {isa = PBXBuildFile; fileRef = 5C24B13D263CF32F00773D9E /* ModalType.swift */; };
		5C24B140263CF47200773D9E /* FilterType.swift in Sources */ = {isa = PBXBuildFile; fileRef = 5C24B13F263CF47200773D9E /* FilterType.swift */; };
		5C24B144263CFDD700773D9E /* TaskRow.swift in Sources */ = {isa = PBXBuildFile; fileRef = 5C24B143263CFDD700773D9E /* TaskRow.swift */; };
		5C24B146263CFE5400773D9E /* Date+Formatting.swift in Sources */ = {isa = PBXBuildFile; fileRef = 5C24B145263CFE5400773D9E /* Date+Formatting.swift */; };
		5C24B148263D008600773D9E /* PriorityType.swift in Sources */ = {isa = PBXBuildFile; fileRef = 5C24B147263D008600773D9E /* PriorityType.swift */; };
		5C24B14A263D041400773D9E /* TaskRowViewModel.swift in Sources */ = {isa = PBXBuildFile; fileRef = 5C24B149263D041400773D9E /* TaskRowViewModel.swift */; };
		5C24B14E263D313C00773D9E /* InfoTask.swift in Sources */ = {isa = PBXBuildFile; fileRef = 5C24B14D263D313C00773D9E /* InfoTask.swift */; };
		5C35104F263E701D008EFBF0 /* TaskForm.swift in Sources */ = {isa = PBXBuildFile; fileRef = 5C35104E263E701D008EFBF0 /* TaskForm.swift */; };
		5C351051263E7069008EFBF0 /* TaskFormViewModel.swift in Sources */ = {isa = PBXBuildFile; fileRef = 5C351050263E7069008EFBF0 /* TaskFormViewModel.swift */; };
		5C351053263E7899008EFBF0 /* DatePickerView.swift in Sources */ = {isa = PBXBuildFile; fileRef = 5C351052263E7899008EFBF0 /* DatePickerView.swift */; };
		5C351055263E799D008EFBF0 /* Publishers+Keyboard.swift in Sources */ = {isa = PBXBuildFile; fileRef = 5C351054263E799D008EFBF0 /* Publishers+Keyboard.swift */; };
		5C5307C7263B571700F6E59A /* CheckedApp.swift in Sources */ = {isa = PBXBuildFile; fileRef = 5C5307C6263B571700F6E59A /* CheckedApp.swift */; };
		5C5307CB263B572000F6E59A /* Assets.xcassets in Resources */ = {isa = PBXBuildFile; fileRef = 5C5307CA263B572000F6E59A /* Assets.xcassets */; };
		5C5307CE263B572000F6E59A /* Preview Assets.xcassets in Resources */ = {isa = PBXBuildFile; fileRef = 5C5307CD263B572000F6E59A /* Preview Assets.xcassets */; };
		5C5307D0263B572000F6E59A /* Persistence.swift in Sources */ = {isa = PBXBuildFile; fileRef = 5C5307CF263B572000F6E59A /* Persistence.swift */; };
		5C5307DE263B572100F6E59A /* CoreDataTests.swift in Sources */ = {isa = PBXBuildFile; fileRef = 5C5307DD263B572100F6E59A /* CoreDataTests.swift */; };
		5C5307E9263B572100F6E59A /* CheckedUITests.swift in Sources */ = {isa = PBXBuildFile; fileRef = 5C5307E8263B572100F6E59A /* CheckedUITests.swift */; };
		5C5F6D4F26432AB00001F98B /* TaskFormViewModelTests.swift in Sources */ = {isa = PBXBuildFile; fileRef = 5C5F6D4E26432AB00001F98B /* TaskFormViewModelTests.swift */; };
		5C897CAF26411C1C000CC9C5 /* MediumWidgetView.swift in Sources */ = {isa = PBXBuildFile; fileRef = 5C897CAD26411BC7000CC9C5 /* MediumWidgetView.swift */; };
		5C897CB226412157000CC9C5 /* SmallWidgetView.swift in Sources */ = {isa = PBXBuildFile; fileRef = 5C897CB02641210D000CC9C5 /* SmallWidgetView.swift */; };
		5C897CB526412636000CC9C5 /* LargeWidgetView.swift in Sources */ = {isa = PBXBuildFile; fileRef = 5C897CB32641261E000CC9C5 /* LargeWidgetView.swift */; };
		5CFA1EBC263F4AE800E83A46 /* Array+Task.swift in Sources */ = {isa = PBXBuildFile; fileRef = 5CFA1EBB263F4AE800E83A46 /* Array+Task.swift */; };
		5CFA1EBE263F540D00E83A46 /* SortType.swift in Sources */ = {isa = PBXBuildFile; fileRef = 5CFA1EBD263F540C00E83A46 /* SortType.swift */; };
		5CFA1EC0263F751E00E83A46 /* ButtonStyles.swift in Sources */ = {isa = PBXBuildFile; fileRef = 5CFA1EBF263F751E00E83A46 /* ButtonStyles.swift */; };
		5CFA1EC4263F88D500E83A46 /* InfoView.swift in Sources */ = {isa = PBXBuildFile; fileRef = 5CFA1EC3263F88D500E83A46 /* InfoView.swift */; };
		5CFA1EC6263F943000E83A46 /* HapticsManager.swift in Sources */ = {isa = PBXBuildFile; fileRef = 5CFA1EC5263F943000E83A46 /* HapticsManager.swift */; };
		5CFA1EC8263F94AC00E83A46 /* NotificationManager.swift in Sources */ = {isa = PBXBuildFile; fileRef = 5CFA1EC7263F94AC00E83A46 /* NotificationManager.swift */; };
		5CFA1EEA263FC31900E83A46 /* WidgetKit.framework in Frameworks */ = {isa = PBXBuildFile; fileRef = 5CFA1EE9263FC31900E83A46 /* WidgetKit.framework */; };
		5CFA1EEC263FC31900E83A46 /* SwiftUI.framework in Frameworks */ = {isa = PBXBuildFile; fileRef = 5CFA1EEB263FC31900E83A46 /* SwiftUI.framework */; };
		5CFA1EEF263FC31900E83A46 /* CheckedWidget.swift in Sources */ = {isa = PBXBuildFile; fileRef = 5CFA1EEE263FC31900E83A46 /* CheckedWidget.swift */; };
		5CFA1EF1263FC32200E83A46 /* Assets.xcassets in Resources */ = {isa = PBXBuildFile; fileRef = 5CFA1EF0263FC32200E83A46 /* Assets.xcassets */; };
		5CFA1EF5263FC32200E83A46 /* CheckedWidgetExtension.appex in Embed App Extensions */ = {isa = PBXBuildFile; fileRef = 5CFA1EE8263FC31900E83A46 /* CheckedWidgetExtension.appex */; settings = {ATTRIBUTES = (RemoveHeadersOnCopy, ); }; };
		5CFA1EFA263FC56E00E83A46 /* Checked.xcdatamodeld in Sources */ = {isa = PBXBuildFile; fileRef = 5C24B11F263CD3E600773D9E /* Checked.xcdatamodeld */; };
		5CFA1EFB263FC57300E83A46 /* Persistence.swift in Sources */ = {isa = PBXBuildFile; fileRef = 5C5307CF263B572000F6E59A /* Persistence.swift */; };
		5CFA1EFF263FC86700E83A46 /* WidgetTask.swift in Sources */ = {isa = PBXBuildFile; fileRef = 5CFA1EFD263FC82200E83A46 /* WidgetTask.swift */; };
		5CFA1F00263FCAF800E83A46 /* Date+Formatting.swift in Sources */ = {isa = PBXBuildFile; fileRef = 5C24B145263CFE5400773D9E /* Date+Formatting.swift */; };
/* End PBXBuildFile section */

/* Begin PBXContainerItemProxy section */
		5C5307DA263B572100F6E59A /* PBXContainerItemProxy */ = {
			isa = PBXContainerItemProxy;
			containerPortal = 5C5307BB263B571700F6E59A /* Project object */;
			proxyType = 1;
			remoteGlobalIDString = 5C5307C2263B571700F6E59A;
			remoteInfo = Checked;
		};
		5C5307E5263B572100F6E59A /* PBXContainerItemProxy */ = {
			isa = PBXContainerItemProxy;
			containerPortal = 5C5307BB263B571700F6E59A /* Project object */;
			proxyType = 1;
			remoteGlobalIDString = 5C5307C2263B571700F6E59A;
			remoteInfo = Checked;
		};
		5CFA1EF3263FC32200E83A46 /* PBXContainerItemProxy */ = {
			isa = PBXContainerItemProxy;
			containerPortal = 5C5307BB263B571700F6E59A /* Project object */;
			proxyType = 1;
			remoteGlobalIDString = 5CFA1EE7263FC31900E83A46;
			remoteInfo = CheckedWidgetExtension;
		};
/* End PBXContainerItemProxy section */

/* Begin PBXCopyFilesBuildPhase section */
		5CFA1EF6263FC32200E83A46 /* Embed App Extensions */ = {
			isa = PBXCopyFilesBuildPhase;
			buildActionMask = 2147483647;
			dstPath = "";
			dstSubfolderSpec = 13;
			files = (
				5CFA1EF5263FC32200E83A46 /* CheckedWidgetExtension.appex in Embed App Extensions */,
			);
			name = "Embed App Extensions";
			runOnlyForDeploymentPostprocessing = 0;
		};
/* End PBXCopyFilesBuildPhase section */

/* Begin PBXFileReference section */
		5C16F7DF263B6F0A0087C325 /* Checked.entitlements */ = {isa = PBXFileReference; lastKnownFileType = text.plist.entitlements; path = Checked.entitlements; sourceTree = "<group>"; };
		5C16F7E1263B6F0E0087C325 /* CloudKit.framework */ = {isa = PBXFileReference; lastKnownFileType = wrapper.framework; name = CloudKit.framework; path = System/Library/Frameworks/CloudKit.framework; sourceTree = SDKROOT; };
		5C16F7E3263B78700087C325 /* TaskList.swift */ = {isa = PBXFileReference; lastKnownFileType = sourcecode.swift; path = TaskList.swift; sourceTree = "<group>"; };
		5C1F4F8D2641EC0B0029042F /* WidgetTask+Extension.swift */ = {isa = PBXFileReference; lastKnownFileType = sourcecode.swift; path = "WidgetTask+Extension.swift"; sourceTree = "<group>"; };
		5C1F4F902641EC710029042F /* Array+WidgetTask.swift */ = {isa = PBXFileReference; lastKnownFileType = sourcecode.swift; path = "Array+WidgetTask.swift"; sourceTree = "<group>"; };
		5C1F4F942641EF740029042F /* WidgetViewLayout.swift */ = {isa = PBXFileReference; lastKnownFileType = sourcecode.swift; path = WidgetViewLayout.swift; sourceTree = "<group>"; };
		5C1F4F96264208540029042F /* TextModifier.swift */ = {isa = PBXFileReference; lastKnownFileType = sourcecode.swift; path = TextModifier.swift; sourceTree = "<group>"; };
		5C1F4F99264244F90029042F /* UIScreen+Width.swift */ = {isa = PBXFileReference; lastKnownFileType = sourcecode.swift; path = "UIScreen+Width.swift"; sourceTree = "<group>"; };
		5C1F4F9B264276800029042F /* TaskListViewModelTests.swift */ = {isa = PBXFileReference; lastKnownFileType = sourcecode.swift; path = TaskListViewModelTests.swift; sourceTree = "<group>"; };
		5C24B11B263CD37100773D9E /* TaskListViewModel.swift */ = {isa = PBXFileReference; lastKnownFileType = sourcecode.swift; path = TaskListViewModel.swift; sourceTree = "<group>"; };
		5C24B11D263CD39900773D9E /* TaskManager.swift */ = {isa = PBXFileReference; lastKnownFileType = sourcecode.swift; path = TaskManager.swift; sourceTree = "<group>"; };
		5C24B120263CD3E600773D9E /* Checked.xcdatamodel */ = {isa = PBXFileReference; lastKnownFileType = wrapper.xcdatamodel; path = Checked.xcdatamodel; sourceTree = "<group>"; };
		5C24B130263CDDDC00773D9E /* CoreDataTestStack.swift */ = {isa = PBXFileReference; lastKnownFileType = sourcecode.swift; path = CoreDataTestStack.swift; sourceTree = "<group>"; };
		5C24B134263CE16B00773D9E /* Task+Formatting.swift */ = {isa = PBXFileReference; lastKnownFileType = sourcecode.swift; path = "Task+Formatting.swift"; sourceTree = "<group>"; };
		5C24B136263CE99100773D9E /* Constants.swift */ = {isa = PBXFileReference; lastKnownFileType = sourcecode.swift; path = Constants.swift; sourceTree = "<group>"; };
		5C24B138263CEEBC00773D9E /* ViewLayout.swift */ = {isa = PBXFileReference; lastKnownFileType = sourcecode.swift; path = ViewLayout.swift; sourceTree = "<group>"; };
		5C24B13B263CEF3F00773D9E /* ViewModifiers.swift */ = {isa = PBXFileReference; lastKnownFileType = sourcecode.swift; path = ViewModifiers.swift; sourceTree = "<group>"; };
		5C24B13D263CF32F00773D9E /* ModalType.swift */ = {isa = PBXFileReference; lastKnownFileType = sourcecode.swift; path = ModalType.swift; sourceTree = "<group>"; };
		5C24B13F263CF47200773D9E /* FilterType.swift */ = {isa = PBXFileReference; lastKnownFileType = sourcecode.swift; path = FilterType.swift; sourceTree = "<group>"; };
		5C24B143263CFDD700773D9E /* TaskRow.swift */ = {isa = PBXFileReference; lastKnownFileType = sourcecode.swift; path = TaskRow.swift; sourceTree = "<group>"; };
		5C24B145263CFE5400773D9E /* Date+Formatting.swift */ = {isa = PBXFileReference; lastKnownFileType = sourcecode.swift; path = "Date+Formatting.swift"; sourceTree = "<group>"; };
		5C24B147263D008600773D9E /* PriorityType.swift */ = {isa = PBXFileReference; lastKnownFileType = sourcecode.swift; path = PriorityType.swift; sourceTree = "<group>"; };
		5C24B149263D041400773D9E /* TaskRowViewModel.swift */ = {isa = PBXFileReference; lastKnownFileType = sourcecode.swift; path = TaskRowViewModel.swift; sourceTree = "<group>"; };
		5C24B14D263D313C00773D9E /* InfoTask.swift */ = {isa = PBXFileReference; lastKnownFileType = sourcecode.swift; path = InfoTask.swift; sourceTree = "<group>"; };
		5C35104E263E701D008EFBF0 /* TaskForm.swift */ = {isa = PBXFileReference; lastKnownFileType = sourcecode.swift; path = TaskForm.swift; sourceTree = "<group>"; };
		5C351050263E7069008EFBF0 /* TaskFormViewModel.swift */ = {isa = PBXFileReference; lastKnownFileType = sourcecode.swift; path = TaskFormViewModel.swift; sourceTree = "<group>"; };
		5C351052263E7899008EFBF0 /* DatePickerView.swift */ = {isa = PBXFileReference; lastKnownFileType = sourcecode.swift; path = DatePickerView.swift; sourceTree = "<group>"; };
		5C351054263E799D008EFBF0 /* Publishers+Keyboard.swift */ = {isa = PBXFileReference; lastKnownFileType = sourcecode.swift; path = "Publishers+Keyboard.swift"; sourceTree = "<group>"; };
		5C5307C3263B571700F6E59A /* Checked.app */ = {isa = PBXFileReference; explicitFileType = wrapper.application; includeInIndex = 0; path = Checked.app; sourceTree = BUILT_PRODUCTS_DIR; };
		5C5307C6263B571700F6E59A /* CheckedApp.swift */ = {isa = PBXFileReference; lastKnownFileType = sourcecode.swift; path = CheckedApp.swift; sourceTree = "<group>"; };
		5C5307CA263B572000F6E59A /* Assets.xcassets */ = {isa = PBXFileReference; lastKnownFileType = folder.assetcatalog; path = Assets.xcassets; sourceTree = "<group>"; };
		5C5307CD263B572000F6E59A /* Preview Assets.xcassets */ = {isa = PBXFileReference; lastKnownFileType = folder.assetcatalog; path = "Preview Assets.xcassets"; sourceTree = "<group>"; };
		5C5307CF263B572000F6E59A /* Persistence.swift */ = {isa = PBXFileReference; lastKnownFileType = sourcecode.swift; path = Persistence.swift; sourceTree = "<group>"; };
		5C5307D4263B572000F6E59A /* Info.plist */ = {isa = PBXFileReference; lastKnownFileType = text.plist.xml; path = Info.plist; sourceTree = "<group>"; };
		5C5307D9263B572100F6E59A /* CheckedTests.xctest */ = {isa = PBXFileReference; explicitFileType = wrapper.cfbundle; includeInIndex = 0; path = CheckedTests.xctest; sourceTree = BUILT_PRODUCTS_DIR; };
		5C5307DD263B572100F6E59A /* CoreDataTests.swift */ = {isa = PBXFileReference; lastKnownFileType = sourcecode.swift; path = CoreDataTests.swift; sourceTree = "<group>"; };
		5C5307DF263B572100F6E59A /* Info.plist */ = {isa = PBXFileReference; lastKnownFileType = text.plist.xml; path = Info.plist; sourceTree = "<group>"; };
		5C5307E4263B572100F6E59A /* CheckedUITests.xctest */ = {isa = PBXFileReference; explicitFileType = wrapper.cfbundle; includeInIndex = 0; path = CheckedUITests.xctest; sourceTree = BUILT_PRODUCTS_DIR; };
		5C5307E8263B572100F6E59A /* CheckedUITests.swift */ = {isa = PBXFileReference; lastKnownFileType = sourcecode.swift; path = CheckedUITests.swift; sourceTree = "<group>"; };
		5C5307EA263B572100F6E59A /* Info.plist */ = {isa = PBXFileReference; lastKnownFileType = text.plist.xml; path = Info.plist; sourceTree = "<group>"; };
		5C5F6D4E26432AB00001F98B /* TaskFormViewModelTests.swift */ = {isa = PBXFileReference; lastKnownFileType = sourcecode.swift; path = TaskFormViewModelTests.swift; sourceTree = "<group>"; };
		5C897CAD26411BC7000CC9C5 /* MediumWidgetView.swift */ = {isa = PBXFileReference; lastKnownFileType = sourcecode.swift; path = MediumWidgetView.swift; sourceTree = "<group>"; };
		5C897CB02641210D000CC9C5 /* SmallWidgetView.swift */ = {isa = PBXFileReference; lastKnownFileType = sourcecode.swift; path = SmallWidgetView.swift; sourceTree = "<group>"; };
		5C897CB32641261E000CC9C5 /* LargeWidgetView.swift */ = {isa = PBXFileReference; lastKnownFileType = sourcecode.swift; path = LargeWidgetView.swift; sourceTree = "<group>"; };
		5CFA1EBB263F4AE800E83A46 /* Array+Task.swift */ = {isa = PBXFileReference; lastKnownFileType = sourcecode.swift; path = "Array+Task.swift"; sourceTree = "<group>"; };
		5CFA1EBD263F540C00E83A46 /* SortType.swift */ = {isa = PBXFileReference; lastKnownFileType = sourcecode.swift; path = SortType.swift; sourceTree = "<group>"; };
		5CFA1EBF263F751E00E83A46 /* ButtonStyles.swift */ = {isa = PBXFileReference; lastKnownFileType = sourcecode.swift; path = ButtonStyles.swift; sourceTree = "<group>"; };
		5CFA1EC3263F88D500E83A46 /* InfoView.swift */ = {isa = PBXFileReference; lastKnownFileType = sourcecode.swift; path = InfoView.swift; sourceTree = "<group>"; };
		5CFA1EC5263F943000E83A46 /* HapticsManager.swift */ = {isa = PBXFileReference; lastKnownFileType = sourcecode.swift; path = HapticsManager.swift; sourceTree = "<group>"; };
		5CFA1EC7263F94AC00E83A46 /* NotificationManager.swift */ = {isa = PBXFileReference; lastKnownFileType = sourcecode.swift; path = NotificationManager.swift; sourceTree = "<group>"; };
		5CFA1EE8263FC31900E83A46 /* CheckedWidgetExtension.appex */ = {isa = PBXFileReference; explicitFileType = "wrapper.app-extension"; includeInIndex = 0; path = CheckedWidgetExtension.appex; sourceTree = BUILT_PRODUCTS_DIR; };
		5CFA1EE9263FC31900E83A46 /* WidgetKit.framework */ = {isa = PBXFileReference; lastKnownFileType = wrapper.framework; name = WidgetKit.framework; path = System/Library/Frameworks/WidgetKit.framework; sourceTree = SDKROOT; };
		5CFA1EEB263FC31900E83A46 /* SwiftUI.framework */ = {isa = PBXFileReference; lastKnownFileType = wrapper.framework; name = SwiftUI.framework; path = System/Library/Frameworks/SwiftUI.framework; sourceTree = SDKROOT; };
		5CFA1EEE263FC31900E83A46 /* CheckedWidget.swift */ = {isa = PBXFileReference; lastKnownFileType = sourcecode.swift; path = CheckedWidget.swift; sourceTree = "<group>"; };
		5CFA1EF0263FC32200E83A46 /* Assets.xcassets */ = {isa = PBXFileReference; lastKnownFileType = folder.assetcatalog; path = Assets.xcassets; sourceTree = "<group>"; };
		5CFA1EF2263FC32200E83A46 /* Info.plist */ = {isa = PBXFileReference; lastKnownFileType = text.plist.xml; path = Info.plist; sourceTree = "<group>"; };
		5CFA1EFC263FC6ED00E83A46 /* CheckedWidgetExtension.entitlements */ = {isa = PBXFileReference; lastKnownFileType = text.plist.entitlements; path = CheckedWidgetExtension.entitlements; sourceTree = "<group>"; };
		5CFA1EFD263FC82200E83A46 /* WidgetTask.swift */ = {isa = PBXFileReference; lastKnownFileType = sourcecode.swift; path = WidgetTask.swift; sourceTree = "<group>"; };
/* End PBXFileReference section */

/* Begin PBXFrameworksBuildPhase section */
		5C5307C0263B571700F6E59A /* Frameworks */ = {
			isa = PBXFrameworksBuildPhase;
			buildActionMask = 2147483647;
			files = (
				5C16F7E2263B6F0E0087C325 /* CloudKit.framework in Frameworks */,
			);
			runOnlyForDeploymentPostprocessing = 0;
		};
		5C5307D6263B572100F6E59A /* Frameworks */ = {
			isa = PBXFrameworksBuildPhase;
			buildActionMask = 2147483647;
			files = (
			);
			runOnlyForDeploymentPostprocessing = 0;
		};
		5C5307E1263B572100F6E59A /* Frameworks */ = {
			isa = PBXFrameworksBuildPhase;
			buildActionMask = 2147483647;
			files = (
			);
			runOnlyForDeploymentPostprocessing = 0;
		};
		5CFA1EE5263FC31900E83A46 /* Frameworks */ = {
			isa = PBXFrameworksBuildPhase;
			buildActionMask = 2147483647;
			files = (
				5CFA1EEC263FC31900E83A46 /* SwiftUI.framework in Frameworks */,
				5CFA1EEA263FC31900E83A46 /* WidgetKit.framework in Frameworks */,
			);
			runOnlyForDeploymentPostprocessing = 0;
		};
/* End PBXFrameworksBuildPhase section */

/* Begin PBXGroup section */
		5C16F7E0263B6F0E0087C325 /* Frameworks */ = {
			isa = PBXGroup;
			children = (
				5C16F7E1263B6F0E0087C325 /* CloudKit.framework */,
				5CFA1EE9263FC31900E83A46 /* WidgetKit.framework */,
				5CFA1EEB263FC31900E83A46 /* SwiftUI.framework */,
			);
			name = Frameworks;
			sourceTree = "<group>";
		};
		5C1F4F8C2641EBEC0029042F /* Model */ = {
			isa = PBXGroup;
			children = (
				5CFA1EFD263FC82200E83A46 /* WidgetTask.swift */,
			);
			path = Model;
			sourceTree = "<group>";
		};
		5C1F4F8F2641EC2D0029042F /* View */ = {
			isa = PBXGroup;
			children = (
				5C897CB32641261E000CC9C5 /* LargeWidgetView.swift */,
				5C897CAD26411BC7000CC9C5 /* MediumWidgetView.swift */,
				5C897CB02641210D000CC9C5 /* SmallWidgetView.swift */,
				5C1F4F942641EF740029042F /* WidgetViewLayout.swift */,
			);
			path = View;
			sourceTree = "<group>";
		};
		5C1F4F922641ECB70029042F /* Extensions */ = {
			isa = PBXGroup;
			children = (
				5C1F4F8D2641EC0B0029042F /* WidgetTask+Extension.swift */,
				5C1F4F902641EC710029042F /* Array+WidgetTask.swift */,
			);
			path = Extensions;
			sourceTree = "<group>";
		};
		5C24B116263CD2F100773D9E /* CoreData */ = {
			isa = PBXGroup;
			children = (
				5C5307CF263B572000F6E59A /* Persistence.swift */,
			);
			path = CoreData;
			sourceTree = "<group>";
		};
		5C24B117263CD2FB00773D9E /* Model */ = {
			isa = PBXGroup;
			children = (
				5C24B11F263CD3E600773D9E /* Checked.xcdatamodeld */,
				5C24B14D263D313C00773D9E /* InfoTask.swift */,
			);
			path = Model;
			sourceTree = "<group>";
		};
		5C24B118263CD31400773D9E /* View */ = {
			isa = PBXGroup;
			children = (
				5C16F7E3263B78700087C325 /* TaskList.swift */,
				5C24B143263CFDD700773D9E /* TaskRow.swift */,
				5CFA1EC3263F88D500E83A46 /* InfoView.swift */,
				5C35104E263E701D008EFBF0 /* TaskForm.swift */,
				5C351052263E7899008EFBF0 /* DatePickerView.swift */,
				5C24B138263CEEBC00773D9E /* ViewLayout.swift */,
			);
			path = View;
			sourceTree = "<group>";
		};
		5C24B119263CD32000773D9E /* ViewModel */ = {
			isa = PBXGroup;
			children = (
				5C24B11B263CD37100773D9E /* TaskListViewModel.swift */,
				5C24B149263D041400773D9E /* TaskRowViewModel.swift */,
				5C351050263E7069008EFBF0 /* TaskFormViewModel.swift */,
			);
			path = ViewModel;
			sourceTree = "<group>";
		};
		5C24B11A263CD33600773D9E /* Service */ = {
			isa = PBXGroup;
			children = (
				5C24B11D263CD39900773D9E /* TaskManager.swift */,
				5CFA1EC5263F943000E83A46 /* HapticsManager.swift */,
				5CFA1EC7263F94AC00E83A46 /* NotificationManager.swift */,
			);
			path = Service;
			sourceTree = "<group>";
		};
		5C24B132263CE14800773D9E /* Helpers */ = {
			isa = PBXGroup;
			children = (
				5C24B136263CE99100773D9E /* Constants.swift */,
				5C24B133263CE15600773D9E /* Extensions */,
				5CFA1EC2263F753800E83A46 /* ViewModifiers */,
				5CFA1EC1263F752D00E83A46 /* Enums */,
			);
			path = Helpers;
			sourceTree = "<group>";
		};
		5C24B133263CE15600773D9E /* Extensions */ = {
			isa = PBXGroup;
			children = (
				5C24B134263CE16B00773D9E /* Task+Formatting.swift */,
				5CFA1EBB263F4AE800E83A46 /* Array+Task.swift */,
				5C351054263E799D008EFBF0 /* Publishers+Keyboard.swift */,
				5C24B145263CFE5400773D9E /* Date+Formatting.swift */,
				5C1F4F99264244F90029042F /* UIScreen+Width.swift */,
			);
			path = Extensions;
			sourceTree = "<group>";
		};
		5C5307BA263B571700F6E59A = {
			isa = PBXGroup;
			children = (
				5CFA1EFC263FC6ED00E83A46 /* CheckedWidgetExtension.entitlements */,
				5C5307C5263B571700F6E59A /* Checked */,
				5C5307DC263B572100F6E59A /* CheckedTests */,
				5C5307E7263B572100F6E59A /* CheckedUITests */,
				5CFA1EED263FC31900E83A46 /* CheckedWidget */,
				5C5307C4263B571700F6E59A /* Products */,
				5C16F7E0263B6F0E0087C325 /* Frameworks */,
			);
			sourceTree = "<group>";
		};
		5C5307C4263B571700F6E59A /* Products */ = {
			isa = PBXGroup;
			children = (
				5C5307C3263B571700F6E59A /* Checked.app */,
				5C5307D9263B572100F6E59A /* CheckedTests.xctest */,
				5C5307E4263B572100F6E59A /* CheckedUITests.xctest */,
				5CFA1EE8263FC31900E83A46 /* CheckedWidgetExtension.appex */,
			);
			name = Products;
			sourceTree = "<group>";
		};
		5C5307C5263B571700F6E59A /* Checked */ = {
			isa = PBXGroup;
			children = (
				5C16F7DF263B6F0A0087C325 /* Checked.entitlements */,
				5C5307C6263B571700F6E59A /* CheckedApp.swift */,
				5C24B116263CD2F100773D9E /* CoreData */,
				5C24B117263CD2FB00773D9E /* Model */,
				5C24B119263CD32000773D9E /* ViewModel */,
				5C24B118263CD31400773D9E /* View */,
				5C24B11A263CD33600773D9E /* Service */,
				5C24B132263CE14800773D9E /* Helpers */,
				5C5307D4263B572000F6E59A /* Info.plist */,
				5C5307CA263B572000F6E59A /* Assets.xcassets */,
				5C5307CC263B572000F6E59A /* Preview Content */,
			);
			path = Checked;
			sourceTree = "<group>";
		};
		5C5307CC263B572000F6E59A /* Preview Content */ = {
			isa = PBXGroup;
			children = (
				5C5307CD263B572000F6E59A /* Preview Assets.xcassets */,
			);
			path = "Preview Content";
			sourceTree = "<group>";
		};
		5C5307DC263B572100F6E59A /* CheckedTests */ = {
			isa = PBXGroup;
			children = (
				5C24B130263CDDDC00773D9E /* CoreDataTestStack.swift */,
				5C5307DD263B572100F6E59A /* CoreDataTests.swift */,
				5C1F4F9B264276800029042F /* TaskListViewModelTests.swift */,
				5C5F6D4E26432AB00001F98B /* TaskFormViewModelTests.swift */,
				5C5307DF263B572100F6E59A /* Info.plist */,
			);
			path = CheckedTests;
			sourceTree = "<group>";
		};
		5C5307E7263B572100F6E59A /* CheckedUITests */ = {
			isa = PBXGroup;
			children = (
				5C5307E8263B572100F6E59A /* CheckedUITests.swift */,
				5C5307EA263B572100F6E59A /* Info.plist */,
			);
			path = CheckedUITests;
			sourceTree = "<group>";
		};
		5CFA1EC1263F752D00E83A46 /* Enums */ = {
			isa = PBXGroup;
			children = (
				5C24B13D263CF32F00773D9E /* ModalType.swift */,
				5C24B13F263CF47200773D9E /* FilterType.swift */,
				5C24B147263D008600773D9E /* PriorityType.swift */,
				5CFA1EBD263F540C00E83A46 /* SortType.swift */,
			);
			path = Enums;
			sourceTree = "<group>";
		};
		5CFA1EC2263F753800E83A46 /* ViewModifiers */ = {
			isa = PBXGroup;
			children = (
				5C24B13B263CEF3F00773D9E /* ViewModifiers.swift */,
				5C1F4F96264208540029042F /* TextModifier.swift */,
				5CFA1EBF263F751E00E83A46 /* ButtonStyles.swift */,
			);
			path = ViewModifiers;
			sourceTree = "<group>";
		};
		5CFA1EED263FC31900E83A46 /* CheckedWidget */ = {
			isa = PBXGroup;
			children = (
				5CFA1EEE263FC31900E83A46 /* CheckedWidget.swift */,
				5C1F4F8F2641EC2D0029042F /* View */,
				5C1F4F8C2641EBEC0029042F /* Model */,
				5C1F4F922641ECB70029042F /* Extensions */,
				5CFA1EF0263FC32200E83A46 /* Assets.xcassets */,
				5CFA1EF2263FC32200E83A46 /* Info.plist */,
			);
			path = CheckedWidget;
			sourceTree = "<group>";
		};
/* End PBXGroup section */

/* Begin PBXNativeTarget section */
		5C5307C2263B571700F6E59A /* Checked */ = {
			isa = PBXNativeTarget;
			buildConfigurationList = 5C5307ED263B572100F6E59A /* Build configuration list for PBXNativeTarget "Checked" */;
			buildPhases = (
				5C5307BF263B571700F6E59A /* Sources */,
				5C5307C0263B571700F6E59A /* Frameworks */,
				5C5307C1263B571700F6E59A /* Resources */,
				5CFA1EF6263FC32200E83A46 /* Embed App Extensions */,
			);
			buildRules = (
			);
			dependencies = (
				5CFA1EF4263FC32200E83A46 /* PBXTargetDependency */,
			);
			name = Checked;
			productName = Checked;
			productReference = 5C5307C3263B571700F6E59A /* Checked.app */;
			productType = "com.apple.product-type.application";
		};
		5C5307D8263B572100F6E59A /* CheckedTests */ = {
			isa = PBXNativeTarget;
			buildConfigurationList = 5C5307F0263B572100F6E59A /* Build configuration list for PBXNativeTarget "CheckedTests" */;
			buildPhases = (
				5C5307D5263B572100F6E59A /* Sources */,
				5C5307D6263B572100F6E59A /* Frameworks */,
				5C5307D7263B572100F6E59A /* Resources */,
			);
			buildRules = (
			);
			dependencies = (
				5C5307DB263B572100F6E59A /* PBXTargetDependency */,
			);
			name = CheckedTests;
			productName = CheckedTests;
			productReference = 5C5307D9263B572100F6E59A /* CheckedTests.xctest */;
			productType = "com.apple.product-type.bundle.unit-test";
		};
		5C5307E3263B572100F6E59A /* CheckedUITests */ = {
			isa = PBXNativeTarget;
			buildConfigurationList = 5C5307F3263B572100F6E59A /* Build configuration list for PBXNativeTarget "CheckedUITests" */;
			buildPhases = (
				5C5307E0263B572100F6E59A /* Sources */,
				5C5307E1263B572100F6E59A /* Frameworks */,
				5C5307E2263B572100F6E59A /* Resources */,
			);
			buildRules = (
			);
			dependencies = (
				5C5307E6263B572100F6E59A /* PBXTargetDependency */,
			);
			name = CheckedUITests;
			productName = CheckedUITests;
			productReference = 5C5307E4263B572100F6E59A /* CheckedUITests.xctest */;
			productType = "com.apple.product-type.bundle.ui-testing";
		};
		5CFA1EE7263FC31900E83A46 /* CheckedWidgetExtension */ = {
			isa = PBXNativeTarget;
			buildConfigurationList = 5CFA1EF9263FC32200E83A46 /* Build configuration list for PBXNativeTarget "CheckedWidgetExtension" */;
			buildPhases = (
				5CFA1EE4263FC31900E83A46 /* Sources */,
				5CFA1EE5263FC31900E83A46 /* Frameworks */,
				5CFA1EE6263FC31900E83A46 /* Resources */,
			);
			buildRules = (
			);
			dependencies = (
			);
			name = CheckedWidgetExtension;
			productName = CheckedWidgetExtension;
			productReference = 5CFA1EE8263FC31900E83A46 /* CheckedWidgetExtension.appex */;
			productType = "com.apple.product-type.app-extension";
		};
/* End PBXNativeTarget section */

/* Begin PBXProject section */
		5C5307BB263B571700F6E59A /* Project object */ = {
			isa = PBXProject;
			attributes = {
				LastSwiftUpdateCheck = 1250;
				LastUpgradeCheck = 1250;
				TargetAttributes = {
					5C5307C2263B571700F6E59A = {
						CreatedOnToolsVersion = 12.5;
					};
					5C5307D8263B572100F6E59A = {
						CreatedOnToolsVersion = 12.5;
						TestTargetID = 5C5307C2263B571700F6E59A;
					};
					5C5307E3263B572100F6E59A = {
						CreatedOnToolsVersion = 12.5;
						TestTargetID = 5C5307C2263B571700F6E59A;
					};
					5CFA1EE7263FC31900E83A46 = {
						CreatedOnToolsVersion = 12.5;
					};
				};
			};
			buildConfigurationList = 5C5307BE263B571700F6E59A /* Build configuration list for PBXProject "Checked" */;
			compatibilityVersion = "Xcode 9.3";
			developmentRegion = en;
			hasScannedForEncodings = 0;
			knownRegions = (
				en,
				Base,
			);
			mainGroup = 5C5307BA263B571700F6E59A;
			productRefGroup = 5C5307C4263B571700F6E59A /* Products */;
			projectDirPath = "";
			projectRoot = "";
			targets = (
				5C5307C2263B571700F6E59A /* Checked */,
				5C5307D8263B572100F6E59A /* CheckedTests */,
				5C5307E3263B572100F6E59A /* CheckedUITests */,
				5CFA1EE7263FC31900E83A46 /* CheckedWidgetExtension */,
			);
		};
/* End PBXProject section */

/* Begin PBXResourcesBuildPhase section */
		5C5307C1263B571700F6E59A /* Resources */ = {
			isa = PBXResourcesBuildPhase;
			buildActionMask = 2147483647;
			files = (
				5C5307CE263B572000F6E59A /* Preview Assets.xcassets in Resources */,
				5C5307CB263B572000F6E59A /* Assets.xcassets in Resources */,
			);
			runOnlyForDeploymentPostprocessing = 0;
		};
		5C5307D7263B572100F6E59A /* Resources */ = {
			isa = PBXResourcesBuildPhase;
			buildActionMask = 2147483647;
			files = (
			);
			runOnlyForDeploymentPostprocessing = 0;
		};
		5C5307E2263B572100F6E59A /* Resources */ = {
			isa = PBXResourcesBuildPhase;
			buildActionMask = 2147483647;
			files = (
			);
			runOnlyForDeploymentPostprocessing = 0;
		};
		5CFA1EE6263FC31900E83A46 /* Resources */ = {
			isa = PBXResourcesBuildPhase;
			buildActionMask = 2147483647;
			files = (
				5CFA1EF1263FC32200E83A46 /* Assets.xcassets in Resources */,
			);
			runOnlyForDeploymentPostprocessing = 0;
		};
/* End PBXResourcesBuildPhase section */

/* Begin PBXSourcesBuildPhase section */
		5C5307BF263B571700F6E59A /* Sources */ = {
			isa = PBXSourcesBuildPhase;
			buildActionMask = 2147483647;
			files = (
				5C24B11C263CD37100773D9E /* TaskListViewModel.swift in Sources */,
				5C5307D0263B572000F6E59A /* Persistence.swift in Sources */,
				5C24B11E263CD39900773D9E /* TaskManager.swift in Sources */,
				5C24B121263CD3E600773D9E /* Checked.xcdatamodeld in Sources */,
				5C24B139263CEEBC00773D9E /* ViewLayout.swift in Sources */,
				5C1F4F97264208550029042F /* TextModifier.swift in Sources */,
				5C24B144263CFDD700773D9E /* TaskRow.swift in Sources */,
				5C351053263E7899008EFBF0 /* DatePickerView.swift in Sources */,
				5C24B13C263CEF3F00773D9E /* ViewModifiers.swift in Sources */,
				5C16F7E4263B78700087C325 /* TaskList.swift in Sources */,
				5C24B14A263D041400773D9E /* TaskRowViewModel.swift in Sources */,
				5C24B146263CFE5400773D9E /* Date+Formatting.swift in Sources */,
				5CFA1EBE263F540D00E83A46 /* SortType.swift in Sources */,
				5CFA1EC8263F94AC00E83A46 /* NotificationManager.swift in Sources */,
				5C24B13E263CF33000773D9E /* ModalType.swift in Sources */,
				5CFA1EC0263F751E00E83A46 /* ButtonStyles.swift in Sources */,
				5C5307C7263B571700F6E59A /* CheckedApp.swift in Sources */,
				5C24B148263D008600773D9E /* PriorityType.swift in Sources */,
				5C24B135263CE16B00773D9E /* Task+Formatting.swift in Sources */,
				5C351055263E799D008EFBF0 /* Publishers+Keyboard.swift in Sources */,
				5C35104F263E701D008EFBF0 /* TaskForm.swift in Sources */,
				5C24B137263CE99100773D9E /* Constants.swift in Sources */,
				5C24B14E263D313C00773D9E /* InfoTask.swift in Sources */,
				5C24B140263CF47200773D9E /* FilterType.swift in Sources */,
				5CFA1EC6263F943000E83A46 /* HapticsManager.swift in Sources */,
				5CFA1EBC263F4AE800E83A46 /* Array+Task.swift in Sources */,
				5CFA1EC4263F88D500E83A46 /* InfoView.swift in Sources */,
				5C351051263E7069008EFBF0 /* TaskFormViewModel.swift in Sources */,
				5C1F4F9A264244F90029042F /* UIScreen+Width.swift in Sources */,
			);
			runOnlyForDeploymentPostprocessing = 0;
		};
		5C5307D5263B572100F6E59A /* Sources */ = {
			isa = PBXSourcesBuildPhase;
			buildActionMask = 2147483647;
			files = (
				5C1F4F9C264276800029042F /* TaskListViewModelTests.swift in Sources */,
				5C5F6D4F26432AB00001F98B /* TaskFormViewModelTests.swift in Sources */,
				5C5307DE263B572100F6E59A /* CoreDataTests.swift in Sources */,
				5C24B131263CDDDC00773D9E /* CoreDataTestStack.swift in Sources */,
			);
			runOnlyForDeploymentPostprocessing = 0;
		};
		5C5307E0263B572100F6E59A /* Sources */ = {
			isa = PBXSourcesBuildPhase;
			buildActionMask = 2147483647;
			files = (
				5C5307E9263B572100F6E59A /* CheckedUITests.swift in Sources */,
			);
			runOnlyForDeploymentPostprocessing = 0;
		};
		5CFA1EE4263FC31900E83A46 /* Sources */ = {
			isa = PBXSourcesBuildPhase;
			buildActionMask = 2147483647;
			files = (
				5C1F4F9826420B940029042F /* TextModifier.swift in Sources */,
				5C1F4F8E2641EC0B0029042F /* WidgetTask+Extension.swift in Sources */,
				5C1F4F932641EE960029042F /* Constants.swift in Sources */,
				5C1F4F952641EF740029042F /* WidgetViewLayout.swift in Sources */,
				5CFA1EFB263FC57300E83A46 /* Persistence.swift in Sources */,
				5C1F4F912641EC710029042F /* Array+WidgetTask.swift in Sources */,
				5CFA1EEF263FC31900E83A46 /* CheckedWidget.swift in Sources */,
				5C897CB526412636000CC9C5 /* LargeWidgetView.swift in Sources */,
				5CFA1EFF263FC86700E83A46 /* WidgetTask.swift in Sources */,
				5CFA1F00263FCAF800E83A46 /* Date+Formatting.swift in Sources */,
				5CFA1EFA263FC56E00E83A46 /* Checked.xcdatamodeld in Sources */,
				5C897CAF26411C1C000CC9C5 /* MediumWidgetView.swift in Sources */,
				5C897CB226412157000CC9C5 /* SmallWidgetView.swift in Sources */,
			);
			runOnlyForDeploymentPostprocessing = 0;
		};
/* End PBXSourcesBuildPhase section */

/* Begin PBXTargetDependency section */
		5C5307DB263B572100F6E59A /* PBXTargetDependency */ = {
			isa = PBXTargetDependency;
			target = 5C5307C2263B571700F6E59A /* Checked */;
			targetProxy = 5C5307DA263B572100F6E59A /* PBXContainerItemProxy */;
		};
		5C5307E6263B572100F6E59A /* PBXTargetDependency */ = {
			isa = PBXTargetDependency;
			target = 5C5307C2263B571700F6E59A /* Checked */;
			targetProxy = 5C5307E5263B572100F6E59A /* PBXContainerItemProxy */;
		};
		5CFA1EF4263FC32200E83A46 /* PBXTargetDependency */ = {
			isa = PBXTargetDependency;
			target = 5CFA1EE7263FC31900E83A46 /* CheckedWidgetExtension */;
			targetProxy = 5CFA1EF3263FC32200E83A46 /* PBXContainerItemProxy */;
		};
/* End PBXTargetDependency section */

/* Begin XCBuildConfiguration section */
		5C5307EB263B572100F6E59A /* Debug */ = {
			isa = XCBuildConfiguration;
			buildSettings = {
				ALWAYS_SEARCH_USER_PATHS = NO;
				CLANG_ANALYZER_NONNULL = YES;
				CLANG_ANALYZER_NUMBER_OBJECT_CONVERSION = YES_AGGRESSIVE;
				CLANG_CXX_LANGUAGE_STANDARD = "gnu++14";
				CLANG_CXX_LIBRARY = "libc++";
				CLANG_ENABLE_MODULES = YES;
				CLANG_ENABLE_OBJC_ARC = YES;
				CLANG_ENABLE_OBJC_WEAK = YES;
				CLANG_WARN_BLOCK_CAPTURE_AUTORELEASING = YES;
				CLANG_WARN_BOOL_CONVERSION = YES;
				CLANG_WARN_COMMA = YES;
				CLANG_WARN_CONSTANT_CONVERSION = YES;
				CLANG_WARN_DEPRECATED_OBJC_IMPLEMENTATIONS = YES;
				CLANG_WARN_DIRECT_OBJC_ISA_USAGE = YES_ERROR;
				CLANG_WARN_DOCUMENTATION_COMMENTS = YES;
				CLANG_WARN_EMPTY_BODY = YES;
				CLANG_WARN_ENUM_CONVERSION = YES;
				CLANG_WARN_INFINITE_RECURSION = YES;
				CLANG_WARN_INT_CONVERSION = YES;
				CLANG_WARN_NON_LITERAL_NULL_CONVERSION = YES;
				CLANG_WARN_OBJC_IMPLICIT_RETAIN_SELF = YES;
				CLANG_WARN_OBJC_LITERAL_CONVERSION = YES;
				CLANG_WARN_OBJC_ROOT_CLASS = YES_ERROR;
				CLANG_WARN_QUOTED_INCLUDE_IN_FRAMEWORK_HEADER = YES;
				CLANG_WARN_RANGE_LOOP_ANALYSIS = YES;
				CLANG_WARN_STRICT_PROTOTYPES = YES;
				CLANG_WARN_SUSPICIOUS_MOVE = YES;
				CLANG_WARN_UNGUARDED_AVAILABILITY = YES_AGGRESSIVE;
				CLANG_WARN_UNREACHABLE_CODE = YES;
				CLANG_WARN__DUPLICATE_METHOD_MATCH = YES;
				COPY_PHASE_STRIP = NO;
				DEBUG_INFORMATION_FORMAT = dwarf;
				ENABLE_STRICT_OBJC_MSGSEND = YES;
				ENABLE_TESTABILITY = YES;
				GCC_C_LANGUAGE_STANDARD = gnu11;
				GCC_DYNAMIC_NO_PIC = NO;
				GCC_NO_COMMON_BLOCKS = YES;
				GCC_OPTIMIZATION_LEVEL = 0;
				GCC_PREPROCESSOR_DEFINITIONS = (
					"DEBUG=1",
					"$(inherited)",
				);
				GCC_WARN_64_TO_32_BIT_CONVERSION = YES;
				GCC_WARN_ABOUT_RETURN_TYPE = YES_ERROR;
				GCC_WARN_UNDECLARED_SELECTOR = YES;
				GCC_WARN_UNINITIALIZED_AUTOS = YES_AGGRESSIVE;
				GCC_WARN_UNUSED_FUNCTION = YES;
				GCC_WARN_UNUSED_VARIABLE = YES;
				IPHONEOS_DEPLOYMENT_TARGET = 14.5;
				MTL_ENABLE_DEBUG_INFO = INCLUDE_SOURCE;
				MTL_FAST_MATH = YES;
				ONLY_ACTIVE_ARCH = YES;
				SDKROOT = iphoneos;
				SWIFT_ACTIVE_COMPILATION_CONDITIONS = DEBUG;
				SWIFT_OPTIMIZATION_LEVEL = "-Onone";
			};
			name = Debug;
		};
		5C5307EC263B572100F6E59A /* Release */ = {
			isa = XCBuildConfiguration;
			buildSettings = {
				ALWAYS_SEARCH_USER_PATHS = NO;
				CLANG_ANALYZER_NONNULL = YES;
				CLANG_ANALYZER_NUMBER_OBJECT_CONVERSION = YES_AGGRESSIVE;
				CLANG_CXX_LANGUAGE_STANDARD = "gnu++14";
				CLANG_CXX_LIBRARY = "libc++";
				CLANG_ENABLE_MODULES = YES;
				CLANG_ENABLE_OBJC_ARC = YES;
				CLANG_ENABLE_OBJC_WEAK = YES;
				CLANG_WARN_BLOCK_CAPTURE_AUTORELEASING = YES;
				CLANG_WARN_BOOL_CONVERSION = YES;
				CLANG_WARN_COMMA = YES;
				CLANG_WARN_CONSTANT_CONVERSION = YES;
				CLANG_WARN_DEPRECATED_OBJC_IMPLEMENTATIONS = YES;
				CLANG_WARN_DIRECT_OBJC_ISA_USAGE = YES_ERROR;
				CLANG_WARN_DOCUMENTATION_COMMENTS = YES;
				CLANG_WARN_EMPTY_BODY = YES;
				CLANG_WARN_ENUM_CONVERSION = YES;
				CLANG_WARN_INFINITE_RECURSION = YES;
				CLANG_WARN_INT_CONVERSION = YES;
				CLANG_WARN_NON_LITERAL_NULL_CONVERSION = YES;
				CLANG_WARN_OBJC_IMPLICIT_RETAIN_SELF = YES;
				CLANG_WARN_OBJC_LITERAL_CONVERSION = YES;
				CLANG_WARN_OBJC_ROOT_CLASS = YES_ERROR;
				CLANG_WARN_QUOTED_INCLUDE_IN_FRAMEWORK_HEADER = YES;
				CLANG_WARN_RANGE_LOOP_ANALYSIS = YES;
				CLANG_WARN_STRICT_PROTOTYPES = YES;
				CLANG_WARN_SUSPICIOUS_MOVE = YES;
				CLANG_WARN_UNGUARDED_AVAILABILITY = YES_AGGRESSIVE;
				CLANG_WARN_UNREACHABLE_CODE = YES;
				CLANG_WARN__DUPLICATE_METHOD_MATCH = YES;
				COPY_PHASE_STRIP = NO;
				DEBUG_INFORMATION_FORMAT = "dwarf-with-dsym";
				ENABLE_NS_ASSERTIONS = NO;
				ENABLE_STRICT_OBJC_MSGSEND = YES;
				GCC_C_LANGUAGE_STANDARD = gnu11;
				GCC_NO_COMMON_BLOCKS = YES;
				GCC_WARN_64_TO_32_BIT_CONVERSION = YES;
				GCC_WARN_ABOUT_RETURN_TYPE = YES_ERROR;
				GCC_WARN_UNDECLARED_SELECTOR = YES;
				GCC_WARN_UNINITIALIZED_AUTOS = YES_AGGRESSIVE;
				GCC_WARN_UNUSED_FUNCTION = YES;
				GCC_WARN_UNUSED_VARIABLE = YES;
				IPHONEOS_DEPLOYMENT_TARGET = 14.5;
				MTL_ENABLE_DEBUG_INFO = NO;
				MTL_FAST_MATH = YES;
				SDKROOT = iphoneos;
				SWIFT_COMPILATION_MODE = wholemodule;
				SWIFT_OPTIMIZATION_LEVEL = "-O";
				VALIDATE_PRODUCT = YES;
			};
			name = Release;
		};
		5C5307EE263B572100F6E59A /* Debug */ = {
			isa = XCBuildConfiguration;
			buildSettings = {
				ALWAYS_EMBED_SWIFT_STANDARD_LIBRARIES = YES;
				ASSETCATALOG_COMPILER_APPICON_NAME = AppIcon;
				ASSETCATALOG_COMPILER_GLOBAL_ACCENT_COLOR_NAME = AccentColor;
				CODE_SIGN_ENTITLEMENTS = Checked/Checked.entitlements;
				CODE_SIGN_STYLE = Automatic;
				DEVELOPMENT_ASSET_PATHS = "\"Checked/Preview Content\"";
				DEVELOPMENT_TEAM = L22459R7QW;
				ENABLE_PREVIEWS = YES;
				INFOPLIST_FILE = Checked/Info.plist;
				IPHONEOS_DEPLOYMENT_TARGET = 14.0;
				LD_RUNPATH_SEARCH_PATHS = (
					"$(inherited)",
					"@executable_path/Frameworks",
				);
				PRODUCT_BUNDLE_IDENTIFIER = io.github.larryn35.Checked;
				PRODUCT_NAME = "$(TARGET_NAME)";
				SWIFT_VERSION = 5.0;
				TARGETED_DEVICE_FAMILY = 1;
			};
			name = Debug;
		};
		5C5307EF263B572100F6E59A /* Release */ = {
			isa = XCBuildConfiguration;
			buildSettings = {
				ALWAYS_EMBED_SWIFT_STANDARD_LIBRARIES = YES;
				ASSETCATALOG_COMPILER_APPICON_NAME = AppIcon;
				ASSETCATALOG_COMPILER_GLOBAL_ACCENT_COLOR_NAME = AccentColor;
				CODE_SIGN_ENTITLEMENTS = Checked/Checked.entitlements;
				CODE_SIGN_STYLE = Automatic;
				DEVELOPMENT_ASSET_PATHS = "\"Checked/Preview Content\"";
				DEVELOPMENT_TEAM = L22459R7QW;
				ENABLE_PREVIEWS = YES;
				INFOPLIST_FILE = Checked/Info.plist;
				IPHONEOS_DEPLOYMENT_TARGET = 14.0;
				LD_RUNPATH_SEARCH_PATHS = (
					"$(inherited)",
					"@executable_path/Frameworks",
				);
				PRODUCT_BUNDLE_IDENTIFIER = io.github.larryn35.Checked;
				PRODUCT_NAME = "$(TARGET_NAME)";
				SWIFT_VERSION = 5.0;
				TARGETED_DEVICE_FAMILY = 1;
			};
			name = Release;
		};
		5C5307F1263B572100F6E59A /* Debug */ = {
			isa = XCBuildConfiguration;
			buildSettings = {
				ALWAYS_EMBED_SWIFT_STANDARD_LIBRARIES = YES;
				BUNDLE_LOADER = "$(TEST_HOST)";
				CODE_SIGN_STYLE = Automatic;
				DEVELOPMENT_TEAM = L22459R7QW;
				INFOPLIST_FILE = CheckedTests/Info.plist;
				IPHONEOS_DEPLOYMENT_TARGET = 14.0;
				LD_RUNPATH_SEARCH_PATHS = (
					"$(inherited)",
					"@executable_path/Frameworks",
					"@loader_path/Frameworks",
				);
				PRODUCT_BUNDLE_IDENTIFIER = io.github.larryn35.CheckedTests;
				PRODUCT_NAME = "$(TARGET_NAME)";
				SWIFT_VERSION = 5.0;
				TARGETED_DEVICE_FAMILY = "1,2";
				TEST_HOST = "$(BUILT_PRODUCTS_DIR)/Checked.app/Checked";
			};
			name = Debug;
		};
		5C5307F2263B572100F6E59A /* Release */ = {
			isa = XCBuildConfiguration;
			buildSettings = {
				ALWAYS_EMBED_SWIFT_STANDARD_LIBRARIES = YES;
				BUNDLE_LOADER = "$(TEST_HOST)";
				CODE_SIGN_STYLE = Automatic;
				DEVELOPMENT_TEAM = L22459R7QW;
				INFOPLIST_FILE = CheckedTests/Info.plist;
				IPHONEOS_DEPLOYMENT_TARGET = 14.0;
				LD_RUNPATH_SEARCH_PATHS = (
					"$(inherited)",
					"@executable_path/Frameworks",
					"@loader_path/Frameworks",
				);
				PRODUCT_BUNDLE_IDENTIFIER = io.github.larryn35.CheckedTests;
				PRODUCT_NAME = "$(TARGET_NAME)";
				SWIFT_VERSION = 5.0;
				TARGETED_DEVICE_FAMILY = "1,2";
				TEST_HOST = "$(BUILT_PRODUCTS_DIR)/Checked.app/Checked";
			};
			name = Release;
		};
		5C5307F4263B572100F6E59A /* Debug */ = {
			isa = XCBuildConfiguration;
			buildSettings = {
				ALWAYS_EMBED_SWIFT_STANDARD_LIBRARIES = YES;
				CODE_SIGN_STYLE = Automatic;
				DEVELOPMENT_TEAM = L22459R7QW;
				INFOPLIST_FILE = CheckedUITests/Info.plist;
				LD_RUNPATH_SEARCH_PATHS = (
					"$(inherited)",
					"@executable_path/Frameworks",
					"@loader_path/Frameworks",
				);
				PRODUCT_BUNDLE_IDENTIFIER = io.github.larryn35.CheckedUITests;
				PRODUCT_NAME = "$(TARGET_NAME)";
				SWIFT_VERSION = 5.0;
				TARGETED_DEVICE_FAMILY = "1,2";
				TEST_TARGET_NAME = Checked;
			};
			name = Debug;
		};
		5C5307F5263B572100F6E59A /* Release */ = {
			isa = XCBuildConfiguration;
			buildSettings = {
				ALWAYS_EMBED_SWIFT_STANDARD_LIBRARIES = YES;
				CODE_SIGN_STYLE = Automatic;
				DEVELOPMENT_TEAM = L22459R7QW;
				INFOPLIST_FILE = CheckedUITests/Info.plist;
				LD_RUNPATH_SEARCH_PATHS = (
					"$(inherited)",
					"@executable_path/Frameworks",
					"@loader_path/Frameworks",
				);
				PRODUCT_BUNDLE_IDENTIFIER = io.github.larryn35.CheckedUITests;
				PRODUCT_NAME = "$(TARGET_NAME)";
				SWIFT_VERSION = 5.0;
				TARGETED_DEVICE_FAMILY = "1,2";
				TEST_TARGET_NAME = Checked;
			};
			name = Release;
		};
		5CFA1EF7263FC32200E83A46 /* Debug */ = {
			isa = XCBuildConfiguration;
			buildSettings = {
				ASSETCATALOG_COMPILER_GLOBAL_ACCENT_COLOR_NAME = AccentColor;
				ASSETCATALOG_COMPILER_WIDGET_BACKGROUND_COLOR_NAME = appBG;
				CODE_SIGN_ENTITLEMENTS = CheckedWidgetExtension.entitlements;
				CODE_SIGN_STYLE = Automatic;
				DEVELOPMENT_TEAM = L22459R7QW;
				INFOPLIST_FILE = CheckedWidget/Info.plist;
				LD_RUNPATH_SEARCH_PATHS = (
					"$(inherited)",
					"@executable_path/Frameworks",
					"@executable_path/../../Frameworks",
				);
				PRODUCT_BUNDLE_IDENTIFIER = io.github.larryn35.Checked.CheckedWidget;
				PRODUCT_NAME = "$(TARGET_NAME)";
				SKIP_INSTALL = YES;
				SWIFT_VERSION = 5.0;
				TARGETED_DEVICE_FAMILY = "1,2";
			};
			name = Debug;
		};
		5CFA1EF8263FC32200E83A46 /* Release */ = {
			isa = XCBuildConfiguration;
			buildSettings = {
				ASSETCATALOG_COMPILER_GLOBAL_ACCENT_COLOR_NAME = AccentColor;
				ASSETCATALOG_COMPILER_WIDGET_BACKGROUND_COLOR_NAME = appBG;
				CODE_SIGN_ENTITLEMENTS = CheckedWidgetExtension.entitlements;
				CODE_SIGN_STYLE = Automatic;
				DEVELOPMENT_TEAM = L22459R7QW;
				INFOPLIST_FILE = CheckedWidget/Info.plist;
				LD_RUNPATH_SEARCH_PATHS = (
					"$(inherited)",
					"@executable_path/Frameworks",
					"@executable_path/../../Frameworks",
				);
				PRODUCT_BUNDLE_IDENTIFIER = io.github.larryn35.Checked.CheckedWidget;
				PRODUCT_NAME = "$(TARGET_NAME)";
				SKIP_INSTALL = YES;
				SWIFT_VERSION = 5.0;
				TARGETED_DEVICE_FAMILY = "1,2";
			};
			name = Release;
		};
/* End XCBuildConfiguration section */

/* Begin XCConfigurationList section */
		5C5307BE263B571700F6E59A /* Build configuration list for PBXProject "Checked" */ = {
			isa = XCConfigurationList;
			buildConfigurations = (
				5C5307EB263B572100F6E59A /* Debug */,
				5C5307EC263B572100F6E59A /* Release */,
			);
			defaultConfigurationIsVisible = 0;
			defaultConfigurationName = Release;
		};
		5C5307ED263B572100F6E59A /* Build configuration list for PBXNativeTarget "Checked" */ = {
			isa = XCConfigurationList;
			buildConfigurations = (
				5C5307EE263B572100F6E59A /* Debug */,
				5C5307EF263B572100F6E59A /* Release */,
			);
			defaultConfigurationIsVisible = 0;
			defaultConfigurationName = Release;
		};
		5C5307F0263B572100F6E59A /* Build configuration list for PBXNativeTarget "CheckedTests" */ = {
			isa = XCConfigurationList;
			buildConfigurations = (
				5C5307F1263B572100F6E59A /* Debug */,
				5C5307F2263B572100F6E59A /* Release */,
			);
			defaultConfigurationIsVisible = 0;
			defaultConfigurationName = Release;
		};
		5C5307F3263B572100F6E59A /* Build configuration list for PBXNativeTarget "CheckedUITests" */ = {
			isa = XCConfigurationList;
			buildConfigurations = (
				5C5307F4263B572100F6E59A /* Debug */,
				5C5307F5263B572100F6E59A /* Release */,
			);
			defaultConfigurationIsVisible = 0;
			defaultConfigurationName = Release;
		};
		5CFA1EF9263FC32200E83A46 /* Build configuration list for PBXNativeTarget "CheckedWidgetExtension" */ = {
			isa = XCConfigurationList;
			buildConfigurations = (
				5CFA1EF7263FC32200E83A46 /* Debug */,
				5CFA1EF8263FC32200E83A46 /* Release */,
			);
			defaultConfigurationIsVisible = 0;
			defaultConfigurationName = Release;
		};
/* End XCConfigurationList section */

/* Begin XCVersionGroup section */
		5C24B11F263CD3E600773D9E /* Checked.xcdatamodeld */ = {
			isa = XCVersionGroup;
			children = (
				5C24B120263CD3E600773D9E /* Checked.xcdatamodel */,
			);
			currentVersion = 5C24B120263CD3E600773D9E /* Checked.xcdatamodel */;
			path = Checked.xcdatamodeld;
			sourceTree = "<group>";
			versionGroupType = wrapper.xcdatamodel;
		};
/* End XCVersionGroup section */
	};
	rootObject = 5C5307BB263B571700F6E59A /* Project object */;
}
